PODS:
  - SwiftGen (6.1.0)
  - "※ikemen (0.6.0)"

DEPENDENCIES:
  - SwiftGen
  - "※ikemen"

SPEC REPOS:
  trunk:
    - SwiftGen
    - "※ikemen"

SPEC CHECKSUMS:
  SwiftGen: f872ca75cbd17bf7103c17f13dcfa0d9a15667b0
  "※ikemen": da47fe6e0acfbe241611221f4d98ade266bf50a2

PODFILE CHECKSUM: 48afc9f37474aa100cfc0d575fe80bc88d5aef77

COCOAPODS: 1.8.0.beta.2
