// !$*UTF8*$!
{
	archiveVersion = 1;
	classes = {
	};
	objectVersion = 51;
	objects = {

/* Begin PBXBuildFile section */
		0B46BAC2FA6EF8CABCA87B4D /* Pods_TwiLiveTests.framework in Frameworks */ = {isa = PBXBuildFile; fileRef = E20E2CA7FCEF75A738EA7E42 /* Pods_TwiLiveTests.framework */; };
		40DDB23ECB1F85CB6BA5BDF1 /* Pods_TwiLive.framework in Frameworks */ = {isa = PBXBuildFile; fileRef = C6DA07AC21582C5F93E9437C /* Pods_TwiLive.framework */; };
		6B683ECFFFFCA4FAEBF322F4 /* Pods_TwiLive_TwiLiveUITests.framework in Frameworks */ = {isa = PBXBuildFile; fileRef = F6059F317883561FB8F9A403 /* Pods_TwiLive_TwiLiveUITests.framework */; };
		CE381291232D4502005D0218 /* String+parseQueryParameters.swift in Sources */ = {isa = PBXBuildFile; fileRef = CE381290232D4502005D0218 /* String+parseQueryParameters.swift */; };
		CE5395B82324A54300198A0D /* AppDelegate.swift in Sources */ = {isa = PBXBuildFile; fileRef = CE5395B72324A54300198A0D /* AppDelegate.swift */; };
		CE5395BA2324A54300198A0D /* MainViewController.swift in Sources */ = {isa = PBXBuildFile; fileRef = CE5395B92324A54300198A0D /* MainViewController.swift */; };
		CE5395BC2324A54500198A0D /* Assets.xcassets in Resources */ = {isa = PBXBuildFile; fileRef = CE5395BB2324A54500198A0D /* Assets.xcassets */; };
		CE5395BF2324A54500198A0D /* Main.storyboard in Resources */ = {isa = PBXBuildFile; fileRef = CE5395BD2324A54500198A0D /* Main.storyboard */; };
		CE5395CB2324A54500198A0D /* TwiLiveTests.swift in Sources */ = {isa = PBXBuildFile; fileRef = CE5395CA2324A54500198A0D /* TwiLiveTests.swift */; };
		CE5395D62324A54500198A0D /* TwiLiveUITests.swift in Sources */ = {isa = PBXBuildFile; fileRef = CE5395D52324A54500198A0D /* TwiLiveUITests.swift */; };
		CE5F0093232C9E8F002840A4 /* TwitterAuthApp.swift in Sources */ = {isa = PBXBuildFile; fileRef = CE5F0092232C9E8F002840A4 /* TwitterAuthApp.swift */; };
		CE5F0096232CA4CC002840A4 /* CharacterSet+rfc3986.swift in Sources */ = {isa = PBXBuildFile; fileRef = CE5F0095232CA4CC002840A4 /* CharacterSet+rfc3986.swift */; };
		CE5F00BE232CDAFB002840A4 /* String+hmacSHA1.swift in Sources */ = {isa = PBXBuildFile; fileRef = CE5F00BD232CDAFB002840A4 /* String+hmacSHA1.swift */; };
		CE5F00C1232CDDFC002840A4 /* UserAgent.swift in Sources */ = {isa = PBXBuildFile; fileRef = CE5F00C0232CDDFC002840A4 /* UserAgent.swift */; };
		CE7188C6232B640800C34398 /* TimelineViewController.swift in Sources */ = {isa = PBXBuildFile; fileRef = CE7188C5232B640800C34398 /* TimelineViewController.swift */; };
		CE934CD423314A9C005F8869 /* VisibleLimitedTableView.swift in Sources */ = {isa = PBXBuildFile; fileRef = CE934CD323314A9C005F8869 /* VisibleLimitedTableView.swift */; };
		CE934CD62331DFC5005F8869 /* TweetCellView.swift in Sources */ = {isa = PBXBuildFile; fileRef = CE934CD52331DFC5005F8869 /* TweetCellView.swift */; };
		CE934CD82331F254005F8869 /* TextLabel.swift in Sources */ = {isa = PBXBuildFile; fileRef = CE934CD72331F254005F8869 /* TextLabel.swift */; };
		CEA0A4FE232E5F27009F1976 /* TwitterStatus.swift in Sources */ = {isa = PBXBuildFile; fileRef = CEA0A4FD232E5F27009F1976 /* TwitterStatus.swift */; };
		CEA0A500232E5F8A009F1976 /* TwitterUser.swift in Sources */ = {isa = PBXBuildFile; fileRef = CEA0A4FF232E5F8A009F1976 /* TwitterUser.swift */; };
		CEC2E2D0232BFFA000CF1028 /* StoryboardScenes.swift in Sources */ = {isa = PBXBuildFile; fileRef = CEC2E2CE232BFFA000CF1028 /* StoryboardScenes.swift */; };
		CEC2E2D1232BFFA000CF1028 /* StoryboardSegues.swift in Sources */ = {isa = PBXBuildFile; fileRef = CEC2E2CF232BFFA000CF1028 /* StoryboardSegues.swift */; };
		CEC2E2D3232C065F00CF1028 /* LoginWithTwitterViewController.swift in Sources */ = {isa = PBXBuildFile; fileRef = CEC2E2D2232C065F00CF1028 /* LoginWithTwitterViewController.swift */; };
		CEF78A9B232D5840006C6343 /* OAuthSigner.swift in Sources */ = {isa = PBXBuildFile; fileRef = CEF78A9A232D5840006C6343 /* OAuthSigner.swift */; };
		CEF78A9D232D5A36006C6343 /* TwitterAuthRequestToken.swift in Sources */ = {isa = PBXBuildFile; fileRef = CEF78A9C232D5A36006C6343 /* TwitterAuthRequestToken.swift */; };
		CEF78A9F232DE1B3006C6343 /* TwitterAuthAccessToken.swift in Sources */ = {isa = PBXBuildFile; fileRef = CEF78A9E232DE1B3006C6343 /* TwitterAuthAccessToken.swift */; };
		CEF78AA1232E20AE006C6343 /* ComposeTweetViewController.swift in Sources */ = {isa = PBXBuildFile; fileRef = CEF78AA0232E20AE006C6343 /* ComposeTweetViewController.swift */; };
/* End PBXBuildFile section */

/* Begin PBXContainerItemProxy section */
		CE5395C72324A54500198A0D /* PBXContainerItemProxy */ = {
			isa = PBXContainerItemProxy;
			containerPortal = CE5395AC2324A54300198A0D /* Project object */;
			proxyType = 1;
			remoteGlobalIDString = CE5395B32324A54300198A0D;
			remoteInfo = TwiLive;
		};
		CE5395D22324A54500198A0D /* PBXContainerItemProxy */ = {
			isa = PBXContainerItemProxy;
			containerPortal = CE5395AC2324A54300198A0D /* Project object */;
			proxyType = 1;
			remoteGlobalIDString = CE5395B32324A54300198A0D;
			remoteInfo = TwiLive;
		};
/* End PBXContainerItemProxy section */

/* Begin PBXCopyFilesBuildPhase section */
		CE5F00B6232CC01C002840A4 /* Embed Frameworks */ = {
			isa = PBXCopyFilesBuildPhase;
			buildActionMask = 2147483647;
			dstPath = "";
			dstSubfolderSpec = 10;
			files = (
			);
			name = "Embed Frameworks";
			runOnlyForDeploymentPostprocessing = 0;
		};
/* End PBXCopyFilesBuildPhase section */

/* Begin PBXFileReference section */
		4B40F16559649E985C642666 /* Pods-TwiLive.release.xcconfig */ = {isa = PBXFileReference; includeInIndex = 1; lastKnownFileType = text.xcconfig; name = "Pods-TwiLive.release.xcconfig"; path = "Target Support Files/Pods-TwiLive/Pods-TwiLive.release.xcconfig"; sourceTree = "<group>"; };
		5BEF45094990E42E9281602C /* Pods-TwiLiveTests.debug.xcconfig */ = {isa = PBXFileReference; includeInIndex = 1; lastKnownFileType = text.xcconfig; name = "Pods-TwiLiveTests.debug.xcconfig"; path = "Target Support Files/Pods-TwiLiveTests/Pods-TwiLiveTests.debug.xcconfig"; sourceTree = "<group>"; };
		7397C84524F922FCA01477C6 /* Pods-TwiLive-TwiLiveUITests.debug.xcconfig */ = {isa = PBXFileReference; includeInIndex = 1; lastKnownFileType = text.xcconfig; name = "Pods-TwiLive-TwiLiveUITests.debug.xcconfig"; path = "Target Support Files/Pods-TwiLive-TwiLiveUITests/Pods-TwiLive-TwiLiveUITests.debug.xcconfig"; sourceTree = "<group>"; };
		A411C0F61DDC63ED37869FF1 /* Pods-TwiLiveTests.release.xcconfig */ = {isa = PBXFileReference; includeInIndex = 1; lastKnownFileType = text.xcconfig; name = "Pods-TwiLiveTests.release.xcconfig"; path = "Target Support Files/Pods-TwiLiveTests/Pods-TwiLiveTests.release.xcconfig"; sourceTree = "<group>"; };
		BD22A9CC2E5011BE8477E09D /* Pods-TwiLive.debug.xcconfig */ = {isa = PBXFileReference; includeInIndex = 1; lastKnownFileType = text.xcconfig; name = "Pods-TwiLive.debug.xcconfig"; path = "Target Support Files/Pods-TwiLive/Pods-TwiLive.debug.xcconfig"; sourceTree = "<group>"; };
		C6DA07AC21582C5F93E9437C /* Pods_TwiLive.framework */ = {isa = PBXFileReference; explicitFileType = wrapper.framework; includeInIndex = 0; path = Pods_TwiLive.framework; sourceTree = BUILT_PRODUCTS_DIR; };
		CE381290232D4502005D0218 /* String+parseQueryParameters.swift */ = {isa = PBXFileReference; lastKnownFileType = sourcecode.swift; path = "String+parseQueryParameters.swift"; sourceTree = "<group>"; };
		CE5395B42324A54300198A0D /* TwiLive.app */ = {isa = PBXFileReference; explicitFileType = wrapper.application; includeInIndex = 0; path = TwiLive.app; sourceTree = BUILT_PRODUCTS_DIR; };
		CE5395B72324A54300198A0D /* AppDelegate.swift */ = {isa = PBXFileReference; lastKnownFileType = sourcecode.swift; path = AppDelegate.swift; sourceTree = "<group>"; };
		CE5395B92324A54300198A0D /* MainViewController.swift */ = {isa = PBXFileReference; lastKnownFileType = sourcecode.swift; path = MainViewController.swift; sourceTree = "<group>"; };
		CE5395BB2324A54500198A0D /* Assets.xcassets */ = {isa = PBXFileReference; lastKnownFileType = folder.assetcatalog; path = Assets.xcassets; sourceTree = "<group>"; };
		CE5395BE2324A54500198A0D /* Base */ = {isa = PBXFileReference; lastKnownFileType = file.storyboard; name = Base; path = Base.lproj/Main.storyboard; sourceTree = "<group>"; };
		CE5395C02324A54500198A0D /* Info.plist */ = {isa = PBXFileReference; lastKnownFileType = text.plist.xml; path = Info.plist; sourceTree = "<group>"; };
		CE5395C12324A54500198A0D /* TwiLive.entitlements */ = {isa = PBXFileReference; lastKnownFileType = text.plist.entitlements; path = TwiLive.entitlements; sourceTree = "<group>"; };
		CE5395C62324A54500198A0D /* TwiLiveTests.xctest */ = {isa = PBXFileReference; explicitFileType = wrapper.cfbundle; includeInIndex = 0; path = TwiLiveTests.xctest; sourceTree = BUILT_PRODUCTS_DIR; };
		CE5395CA2324A54500198A0D /* TwiLiveTests.swift */ = {isa = PBXFileReference; lastKnownFileType = sourcecode.swift; path = TwiLiveTests.swift; sourceTree = "<group>"; };
		CE5395CC2324A54500198A0D /* Info.plist */ = {isa = PBXFileReference; lastKnownFileType = text.plist.xml; path = Info.plist; sourceTree = "<group>"; };
		CE5395D12324A54500198A0D /* TwiLiveUITests.xctest */ = {isa = PBXFileReference; explicitFileType = wrapper.cfbundle; includeInIndex = 0; path = TwiLiveUITests.xctest; sourceTree = BUILT_PRODUCTS_DIR; };
		CE5395D52324A54500198A0D /* TwiLiveUITests.swift */ = {isa = PBXFileReference; lastKnownFileType = sourcecode.swift; path = TwiLiveUITests.swift; sourceTree = "<group>"; };
		CE5395D72324A54500198A0D /* Info.plist */ = {isa = PBXFileReference; lastKnownFileType = text.plist.xml; path = Info.plist; sourceTree = "<group>"; };
		CE5F0092232C9E8F002840A4 /* TwitterAuthApp.swift */ = {isa = PBXFileReference; lastKnownFileType = sourcecode.swift; path = TwitterAuthApp.swift; sourceTree = "<group>"; };
		CE5F0095232CA4CC002840A4 /* CharacterSet+rfc3986.swift */ = {isa = PBXFileReference; lastKnownFileType = sourcecode.swift; path = "CharacterSet+rfc3986.swift"; sourceTree = "<group>"; };
		CE5F00BD232CDAFB002840A4 /* String+hmacSHA1.swift */ = {isa = PBXFileReference; lastKnownFileType = sourcecode.swift; path = "String+hmacSHA1.swift"; sourceTree = "<group>"; };
		CE5F00C0232CDDFC002840A4 /* UserAgent.swift */ = {isa = PBXFileReference; lastKnownFileType = sourcecode.swift; path = UserAgent.swift; sourceTree = "<group>"; };
		CE7188C5232B640800C34398 /* TimelineViewController.swift */ = {isa = PBXFileReference; lastKnownFileType = sourcecode.swift; path = TimelineViewController.swift; sourceTree = "<group>"; };
		CE934CD323314A9C005F8869 /* VisibleLimitedTableView.swift */ = {isa = PBXFileReference; lastKnownFileType = sourcecode.swift; path = VisibleLimitedTableView.swift; sourceTree = "<group>"; };
		CE934CD52331DFC5005F8869 /* TweetCellView.swift */ = {isa = PBXFileReference; lastKnownFileType = sourcecode.swift; path = TweetCellView.swift; sourceTree = "<group>"; };
		CE934CD72331F254005F8869 /* TextLabel.swift */ = {isa = PBXFileReference; lastKnownFileType = sourcecode.swift; path = TextLabel.swift; sourceTree = "<group>"; };
		CEA0A4FD232E5F27009F1976 /* TwitterStatus.swift */ = {isa = PBXFileReference; lastKnownFileType = sourcecode.swift; path = TwitterStatus.swift; sourceTree = "<group>"; };
		CEA0A4FF232E5F8A009F1976 /* TwitterUser.swift */ = {isa = PBXFileReference; lastKnownFileType = sourcecode.swift; path = TwitterUser.swift; sourceTree = "<group>"; };
		CEC2E2CA232BFEA300CF1028 /* swiftgen.yml */ = {isa = PBXFileReference; fileEncoding = 4; lastKnownFileType = text.yaml; path = swiftgen.yml; sourceTree = "<group>"; };
		CEC2E2CE232BFFA000CF1028 /* StoryboardScenes.swift */ = {isa = PBXFileReference; fileEncoding = 4; lastKnownFileType = sourcecode.swift; path = StoryboardScenes.swift; sourceTree = "<group>"; };
		CEC2E2CF232BFFA000CF1028 /* StoryboardSegues.swift */ = {isa = PBXFileReference; fileEncoding = 4; lastKnownFileType = sourcecode.swift; path = StoryboardSegues.swift; sourceTree = "<group>"; };
		CEC2E2D2232C065F00CF1028 /* LoginWithTwitterViewController.swift */ = {isa = PBXFileReference; lastKnownFileType = sourcecode.swift; path = LoginWithTwitterViewController.swift; sourceTree = "<group>"; };
		CEF78A9A232D5840006C6343 /* OAuthSigner.swift */ = {isa = PBXFileReference; lastKnownFileType = sourcecode.swift; path = OAuthSigner.swift; sourceTree = "<group>"; };
		CEF78A9C232D5A36006C6343 /* TwitterAuthRequestToken.swift */ = {isa = PBXFileReference; lastKnownFileType = sourcecode.swift; path = TwitterAuthRequestToken.swift; sourceTree = "<group>"; };
		CEF78A9E232DE1B3006C6343 /* TwitterAuthAccessToken.swift */ = {isa = PBXFileReference; lastKnownFileType = sourcecode.swift; path = TwitterAuthAccessToken.swift; sourceTree = "<group>"; };
		CEF78AA0232E20AE006C6343 /* ComposeTweetViewController.swift */ = {isa = PBXFileReference; lastKnownFileType = sourcecode.swift; path = ComposeTweetViewController.swift; sourceTree = "<group>"; };
		D2AE144EEF47418CE6B42144 /* Pods-TwiLive-TwiLiveUITests.release.xcconfig */ = {isa = PBXFileReference; includeInIndex = 1; lastKnownFileType = text.xcconfig; name = "Pods-TwiLive-TwiLiveUITests.release.xcconfig"; path = "Target Support Files/Pods-TwiLive-TwiLiveUITests/Pods-TwiLive-TwiLiveUITests.release.xcconfig"; sourceTree = "<group>"; };
		E20E2CA7FCEF75A738EA7E42 /* Pods_TwiLiveTests.framework */ = {isa = PBXFileReference; explicitFileType = wrapper.framework; includeInIndex = 0; path = Pods_TwiLiveTests.framework; sourceTree = BUILT_PRODUCTS_DIR; };
		F6059F317883561FB8F9A403 /* Pods_TwiLive_TwiLiveUITests.framework */ = {isa = PBXFileReference; explicitFileType = wrapper.framework; includeInIndex = 0; path = Pods_TwiLive_TwiLiveUITests.framework; sourceTree = BUILT_PRODUCTS_DIR; };
/* End PBXFileReference section */

/* Begin PBXFrameworksBuildPhase section */
		CE5395B12324A54300198A0D /* Frameworks */ = {
			isa = PBXFrameworksBuildPhase;
			buildActionMask = 2147483647;
			files = (
				40DDB23ECB1F85CB6BA5BDF1 /* Pods_TwiLive.framework in Frameworks */,
			);
			runOnlyForDeploymentPostprocessing = 0;
		};
		CE5395C32324A54500198A0D /* Frameworks */ = {
			isa = PBXFrameworksBuildPhase;
			buildActionMask = 2147483647;
			files = (
				0B46BAC2FA6EF8CABCA87B4D /* Pods_TwiLiveTests.framework in Frameworks */,
			);
			runOnlyForDeploymentPostprocessing = 0;
		};
		CE5395CE2324A54500198A0D /* Frameworks */ = {
			isa = PBXFrameworksBuildPhase;
			buildActionMask = 2147483647;
			files = (
				6B683ECFFFFCA4FAEBF322F4 /* Pods_TwiLive_TwiLiveUITests.framework in Frameworks */,
			);
			runOnlyForDeploymentPostprocessing = 0;
		};
/* End PBXFrameworksBuildPhase section */

/* Begin PBXGroup section */
		1F5E9B3C3C32D3D7F356EE53 /* Frameworks */ = {
			isa = PBXGroup;
			children = (
				C6DA07AC21582C5F93E9437C /* Pods_TwiLive.framework */,
				F6059F317883561FB8F9A403 /* Pods_TwiLive_TwiLiveUITests.framework */,
				E20E2CA7FCEF75A738EA7E42 /* Pods_TwiLiveTests.framework */,
			);
			name = Frameworks;
			sourceTree = "<group>";
		};
		CDC15865CAF7B59E2AEE75AC /* Pods */ = {
			isa = PBXGroup;
			children = (
				BD22A9CC2E5011BE8477E09D /* Pods-TwiLive.debug.xcconfig */,
				4B40F16559649E985C642666 /* Pods-TwiLive.release.xcconfig */,
				7397C84524F922FCA01477C6 /* Pods-TwiLive-TwiLiveUITests.debug.xcconfig */,
				D2AE144EEF47418CE6B42144 /* Pods-TwiLive-TwiLiveUITests.release.xcconfig */,
				5BEF45094990E42E9281602C /* Pods-TwiLiveTests.debug.xcconfig */,
				A411C0F61DDC63ED37869FF1 /* Pods-TwiLiveTests.release.xcconfig */,
			);
			path = Pods;
			sourceTree = "<group>";
		};
		CE5395AB2324A54300198A0D = {
			isa = PBXGroup;
			children = (
				CEC2E2CA232BFEA300CF1028 /* swiftgen.yml */,
				CE5395B62324A54300198A0D /* TwiLive */,
				CE5395C92324A54500198A0D /* TwiLiveTests */,
				CE5395D42324A54500198A0D /* TwiLiveUITests */,
				CE5395B52324A54300198A0D /* Products */,
				CDC15865CAF7B59E2AEE75AC /* Pods */,
				1F5E9B3C3C32D3D7F356EE53 /* Frameworks */,
			);
			sourceTree = "<group>";
		};
		CE5395B52324A54300198A0D /* Products */ = {
			isa = PBXGroup;
			children = (
				CE5395B42324A54300198A0D /* TwiLive.app */,
				CE5395C62324A54500198A0D /* TwiLiveTests.xctest */,
				CE5395D12324A54500198A0D /* TwiLiveUITests.xctest */,
			);
			name = Products;
			sourceTree = "<group>";
		};
		CE5395B62324A54300198A0D /* TwiLive */ = {
			isa = PBXGroup;
			children = (
				CE5395B72324A54300198A0D /* AppDelegate.swift */,
				CE5395BB2324A54500198A0D /* Assets.xcassets */,
				CE5395C02324A54500198A0D /* Info.plist */,
				CE5395C12324A54500198A0D /* TwiLive.entitlements */,
				CE5395BD2324A54500198A0D /* Main.storyboard */,
				CEA0A501232E6BE4009F1976 /* Views */,
				CE5F0090232C97C0002840A4 /* ViewControllers */,
				CE5F0091232C9E4F002840A4 /* TwitterAPI */,
				CE5F00BF232CDDF1002840A4 /* Common */,
				CEC2E2CD232BFF5700CF1028 /* Generated */,
			);
			path = TwiLive;
			sourceTree = "<group>";
		};
		CE5395C92324A54500198A0D /* TwiLiveTests */ = {
			isa = PBXGroup;
			children = (
				CE5395CA2324A54500198A0D /* TwiLiveTests.swift */,
				CE5395CC2324A54500198A0D /* Info.plist */,
			);
			path = TwiLiveTests;
			sourceTree = "<group>";
		};
		CE5395D42324A54500198A0D /* TwiLiveUITests */ = {
			isa = PBXGroup;
			children = (
				CE5395D52324A54500198A0D /* TwiLiveUITests.swift */,
				CE5395D72324A54500198A0D /* Info.plist */,
			);
			path = TwiLiveUITests;
			sourceTree = "<group>";
		};
		CE5F0090232C97C0002840A4 /* ViewControllers */ = {
			isa = PBXGroup;
			children = (
				CE5395B92324A54300198A0D /* MainViewController.swift */,
				CEC2E2D2232C065F00CF1028 /* LoginWithTwitterViewController.swift */,
				CE7188C5232B640800C34398 /* TimelineViewController.swift */,
				CEF78AA0232E20AE006C6343 /* ComposeTweetViewController.swift */,
			);
			path = ViewControllers;
			sourceTree = "<group>";
		};
		CE5F0091232C9E4F002840A4 /* TwitterAPI */ = {
			isa = PBXGroup;
			children = (
				CEA0A4FC232E5F16009F1976 /* Entity */,
				CEF78AA2232E25AA006C6343 /* Auth */,
			);
			path = TwitterAPI;
			sourceTree = "<group>";
		};
		CE5F0094232CA4BB002840A4 /* Extensions */ = {
			isa = PBXGroup;
			children = (
				CE5F0095232CA4CC002840A4 /* CharacterSet+rfc3986.swift */,
				CE381290232D4502005D0218 /* String+parseQueryParameters.swift */,
				CE5F00BD232CDAFB002840A4 /* String+hmacSHA1.swift */,
			);
			path = Extensions;
			sourceTree = "<group>";
		};
		CE5F00BF232CDDF1002840A4 /* Common */ = {
			isa = PBXGroup;
			children = (
				CE5F0094232CA4BB002840A4 /* Extensions */,
				CE5F00C0232CDDFC002840A4 /* UserAgent.swift */,
				CE934CD323314A9C005F8869 /* VisibleLimitedTableView.swift */,
			);
			path = Common;
			sourceTree = "<group>";
		};
		CEA0A4FC232E5F16009F1976 /* Entity */ = {
			isa = PBXGroup;
			children = (
				CEA0A4FD232E5F27009F1976 /* TwitterStatus.swift */,
				CEA0A4FF232E5F8A009F1976 /* TwitterUser.swift */,
			);
			path = Entity;
			sourceTree = "<group>";
		};
		CEA0A501232E6BE4009F1976 /* Views */ = {
			isa = PBXGroup;
			children = (
				CE934CD52331DFC5005F8869 /* TweetCellView.swift */,
				CE934CD72331F254005F8869 /* TextLabel.swift */,
			);
			path = Views;
			sourceTree = "<group>";
		};
		CEC2E2CD232BFF5700CF1028 /* Generated */ = {
			isa = PBXGroup;
			children = (
				CEC2E2CE232BFFA000CF1028 /* StoryboardScenes.swift */,
				CEC2E2CF232BFFA000CF1028 /* StoryboardSegues.swift */,
			);
			path = Generated;
			sourceTree = "<group>";
		};
		CEF78AA2232E25AA006C6343 /* Auth */ = {
			isa = PBXGroup;
			children = (
				CE5F0092232C9E8F002840A4 /* TwitterAuthApp.swift */,
				CEF78A9C232D5A36006C6343 /* TwitterAuthRequestToken.swift */,
				CEF78A9E232DE1B3006C6343 /* TwitterAuthAccessToken.swift */,
				CEF78A9A232D5840006C6343 /* OAuthSigner.swift */,
			);
			path = Auth;
			sourceTree = "<group>";
		};
/* End PBXGroup section */

/* Begin PBXNativeTarget section */
		CE5395B32324A54300198A0D /* TwiLive */ = {
			isa = PBXNativeTarget;
			buildConfigurationList = CE5395DA2324A54500198A0D /* Build configuration list for PBXNativeTarget "TwiLive" */;
			buildPhases = (
				D377B240BCF0D6359DFBB1B4 /* [CP] Check Pods Manifest.lock */,
				CEC2E2CC232BFF2A00CF1028 /* SwiftGen */,
				CE5395B02324A54300198A0D /* Sources */,
				CE5395B12324A54300198A0D /* Frameworks */,
				CE5395B22324A54300198A0D /* Resources */,
				CE5F00B6232CC01C002840A4 /* Embed Frameworks */,
				770B8AE029E8953B361567D0 /* [CP] Embed Pods Frameworks */,
			);
			buildRules = (
			);
			dependencies = (
			);
			name = TwiLive;
			productName = TwiLive;
			productReference = CE5395B42324A54300198A0D /* TwiLive.app */;
			productType = "com.apple.product-type.application";
		};
		CE5395C52324A54500198A0D /* TwiLiveTests */ = {
			isa = PBXNativeTarget;
			buildConfigurationList = CE5395DD2324A54500198A0D /* Build configuration list for PBXNativeTarget "TwiLiveTests" */;
			buildPhases = (
				4950FC12EFFF7635BD2DC1F0 /* [CP] Check Pods Manifest.lock */,
				CE5395C22324A54500198A0D /* Sources */,
				CE5395C32324A54500198A0D /* Frameworks */,
				CE5395C42324A54500198A0D /* Resources */,
			);
			buildRules = (
			);
			dependencies = (
				CE5395C82324A54500198A0D /* PBXTargetDependency */,
			);
			name = TwiLiveTests;
			productName = TwiLiveTests;
			productReference = CE5395C62324A54500198A0D /* TwiLiveTests.xctest */;
			productType = "com.apple.product-type.bundle.unit-test";
		};
		CE5395D02324A54500198A0D /* TwiLiveUITests */ = {
			isa = PBXNativeTarget;
			buildConfigurationList = CE5395E02324A54500198A0D /* Build configuration list for PBXNativeTarget "TwiLiveUITests" */;
			buildPhases = (
				1CD683F09FCC890D00421B57 /* [CP] Check Pods Manifest.lock */,
				CE5395CD2324A54500198A0D /* Sources */,
				CE5395CE2324A54500198A0D /* Frameworks */,
				CE5395CF2324A54500198A0D /* Resources */,
				0D15BEB90DBAA3F3B3F01ABA /* [CP] Embed Pods Frameworks */,
			);
			buildRules = (
			);
			dependencies = (
				CE5395D32324A54500198A0D /* PBXTargetDependency */,
			);
			name = TwiLiveUITests;
			productName = TwiLiveUITests;
			productReference = CE5395D12324A54500198A0D /* TwiLiveUITests.xctest */;
			productType = "com.apple.product-type.bundle.ui-testing";
		};
/* End PBXNativeTarget section */

/* Begin PBXProject section */
		CE5395AC2324A54300198A0D /* Project object */ = {
			isa = PBXProject;
			attributes = {
				LastSwiftUpdateCheck = 1100;
				LastUpgradeCheck = 1100;
				ORGANIZATIONNAME = rinsuki;
				TargetAttributes = {
					CE5395B32324A54300198A0D = {
						CreatedOnToolsVersion = 11.0;
					};
					CE5395C52324A54500198A0D = {
						CreatedOnToolsVersion = 11.0;
						TestTargetID = CE5395B32324A54300198A0D;
					};
					CE5395D02324A54500198A0D = {
						CreatedOnToolsVersion = 11.0;
						TestTargetID = CE5395B32324A54300198A0D;
					};
				};
			};
			buildConfigurationList = CE5395AF2324A54300198A0D /* Build configuration list for PBXProject "TwiLive" */;
			compatibilityVersion = "Xcode 9.3";
			developmentRegion = en;
			hasScannedForEncodings = 0;
			knownRegions = (
				en,
				Base,
			);
			mainGroup = CE5395AB2324A54300198A0D;
			productRefGroup = CE5395B52324A54300198A0D /* Products */;
			projectDirPath = "";
			projectRoot = "";
			targets = (
				CE5395B32324A54300198A0D /* TwiLive */,
				CE5395C52324A54500198A0D /* TwiLiveTests */,
				CE5395D02324A54500198A0D /* TwiLiveUITests */,
			);
		};
/* End PBXProject section */

/* Begin PBXResourcesBuildPhase section */
		CE5395B22324A54300198A0D /* Resources */ = {
			isa = PBXResourcesBuildPhase;
			buildActionMask = 2147483647;
			files = (
				CE5395BC2324A54500198A0D /* Assets.xcassets in Resources */,
				CE5395BF2324A54500198A0D /* Main.storyboard in Resources */,
			);
			runOnlyForDeploymentPostprocessing = 0;
		};
		CE5395C42324A54500198A0D /* Resources */ = {
			isa = PBXResourcesBuildPhase;
			buildActionMask = 2147483647;
			files = (
			);
			runOnlyForDeploymentPostprocessing = 0;
		};
		CE5395CF2324A54500198A0D /* Resources */ = {
			isa = PBXResourcesBuildPhase;
			buildActionMask = 2147483647;
			files = (
			);
			runOnlyForDeploymentPostprocessing = 0;
		};
/* End PBXResourcesBuildPhase section */

/* Begin PBXShellScriptBuildPhase section */
		0D15BEB90DBAA3F3B3F01ABA /* [CP] Embed Pods Frameworks */ = {
			isa = PBXShellScriptBuildPhase;
			buildActionMask = 2147483647;
			files = (
			);
			inputFileListPaths = (
				"${PODS_ROOT}/Target Support Files/Pods-TwiLive-TwiLiveUITests/Pods-TwiLive-TwiLiveUITests-frameworks-${CONFIGURATION}-input-files.xcfilelist",
			);
			name = "[CP] Embed Pods Frameworks";
			outputFileListPaths = (
				"${PODS_ROOT}/Target Support Files/Pods-TwiLive-TwiLiveUITests/Pods-TwiLive-TwiLiveUITests-frameworks-${CONFIGURATION}-output-files.xcfilelist",
			);
			runOnlyForDeploymentPostprocessing = 0;
			shellPath = /bin/sh;
			shellScript = "\"${PODS_ROOT}/Target Support Files/Pods-TwiLive-TwiLiveUITests/Pods-TwiLive-TwiLiveUITests-frameworks.sh\"\n";
			showEnvVarsInLog = 0;
		};
		1CD683F09FCC890D00421B57 /* [CP] Check Pods Manifest.lock */ = {
			isa = PBXShellScriptBuildPhase;
			buildActionMask = 2147483647;
			files = (
			);
			inputFileListPaths = (
			);
			inputPaths = (
				"${PODS_PODFILE_DIR_PATH}/Podfile.lock",
				"${PODS_ROOT}/Manifest.lock",
			);
			name = "[CP] Check Pods Manifest.lock";
			outputFileListPaths = (
			);
			outputPaths = (
				"$(DERIVED_FILE_DIR)/Pods-TwiLive-TwiLiveUITests-checkManifestLockResult.txt",
			);
			runOnlyForDeploymentPostprocessing = 0;
			shellPath = /bin/sh;
			shellScript = "diff \"${PODS_PODFILE_DIR_PATH}/Podfile.lock\" \"${PODS_ROOT}/Manifest.lock\" > /dev/null\nif [ $? != 0 ] ; then\n    # print error to STDERR\n    echo \"error: The sandbox is not in sync with the Podfile.lock. Run 'pod install' or update your CocoaPods installation.\" >&2\n    exit 1\nfi\n# This output is used by Xcode 'outputs' to avoid re-running this script phase.\necho \"SUCCESS\" > \"${SCRIPT_OUTPUT_FILE_0}\"\n";
			showEnvVarsInLog = 0;
		};
		4950FC12EFFF7635BD2DC1F0 /* [CP] Check Pods Manifest.lock */ = {
			isa = PBXShellScriptBuildPhase;
			buildActionMask = 2147483647;
			files = (
			);
			inputFileListPaths = (
			);
			inputPaths = (
				"${PODS_PODFILE_DIR_PATH}/Podfile.lock",
				"${PODS_ROOT}/Manifest.lock",
			);
			name = "[CP] Check Pods Manifest.lock";
			outputFileListPaths = (
			);
			outputPaths = (
				"$(DERIVED_FILE_DIR)/Pods-TwiLiveTests-checkManifestLockResult.txt",
			);
			runOnlyForDeploymentPostprocessing = 0;
			shellPath = /bin/sh;
			shellScript = "diff \"${PODS_PODFILE_DIR_PATH}/Podfile.lock\" \"${PODS_ROOT}/Manifest.lock\" > /dev/null\nif [ $? != 0 ] ; then\n    # print error to STDERR\n    echo \"error: The sandbox is not in sync with the Podfile.lock. Run 'pod install' or update your CocoaPods installation.\" >&2\n    exit 1\nfi\n# This output is used by Xcode 'outputs' to avoid re-running this script phase.\necho \"SUCCESS\" > \"${SCRIPT_OUTPUT_FILE_0}\"\n";
			showEnvVarsInLog = 0;
		};
		770B8AE029E8953B361567D0 /* [CP] Embed Pods Frameworks */ = {
			isa = PBXShellScriptBuildPhase;
			buildActionMask = 2147483647;
			files = (
			);
			inputFileListPaths = (
				"${PODS_ROOT}/Target Support Files/Pods-TwiLive/Pods-TwiLive-frameworks-${CONFIGURATION}-input-files.xcfilelist",
			);
			name = "[CP] Embed Pods Frameworks";
			outputFileListPaths = (
				"${PODS_ROOT}/Target Support Files/Pods-TwiLive/Pods-TwiLive-frameworks-${CONFIGURATION}-output-files.xcfilelist",
			);
			runOnlyForDeploymentPostprocessing = 0;
			shellPath = /bin/sh;
			shellScript = "\"${PODS_ROOT}/Target Support Files/Pods-TwiLive/Pods-TwiLive-frameworks.sh\"\n";
			showEnvVarsInLog = 0;
		};
		CEC2E2CC232BFF2A00CF1028 /* SwiftGen */ = {
			isa = PBXShellScriptBuildPhase;
			buildActionMask = 2147483647;
			files = (
			);
			inputFileListPaths = (
			);
			inputPaths = (
			);
			name = SwiftGen;
			outputFileListPaths = (
			);
			outputPaths = (
			);
			runOnlyForDeploymentPostprocessing = 0;
			shellPath = /bin/sh;
			shellScript = "# Type a script or drag a script file from your workspace to insert its path.\n\"$PODS_ROOT/SwiftGen/bin/swiftgen\"\n";
		};
		D377B240BCF0D6359DFBB1B4 /* [CP] Check Pods Manifest.lock */ = {
			isa = PBXShellScriptBuildPhase;
			buildActionMask = 2147483647;
			files = (
			);
			inputFileListPaths = (
			);
			inputPaths = (
				"${PODS_PODFILE_DIR_PATH}/Podfile.lock",
				"${PODS_ROOT}/Manifest.lock",
			);
			name = "[CP] Check Pods Manifest.lock";
			outputFileListPaths = (
			);
			outputPaths = (
				"$(DERIVED_FILE_DIR)/Pods-TwiLive-checkManifestLockResult.txt",
			);
			runOnlyForDeploymentPostprocessing = 0;
			shellPath = /bin/sh;
			shellScript = "diff \"${PODS_PODFILE_DIR_PATH}/Podfile.lock\" \"${PODS_ROOT}/Manifest.lock\" > /dev/null\nif [ $? != 0 ] ; then\n    # print error to STDERR\n    echo \"error: The sandbox is not in sync with the Podfile.lock. Run 'pod install' or update your CocoaPods installation.\" >&2\n    exit 1\nfi\n# This output is used by Xcode 'outputs' to avoid re-running this script phase.\necho \"SUCCESS\" > \"${SCRIPT_OUTPUT_FILE_0}\"\n";
			showEnvVarsInLog = 0;
		};
/* End PBXShellScriptBuildPhase section */

/* Begin PBXSourcesBuildPhase section */
		CE5395B02324A54300198A0D /* Sources */ = {
			isa = PBXSourcesBuildPhase;
			buildActionMask = 2147483647;
			files = (
				CE5395BA2324A54300198A0D /* MainViewController.swift in Sources */,
				CE5395B82324A54300198A0D /* AppDelegate.swift in Sources */,
				CEF78AA1232E20AE006C6343 /* ComposeTweetViewController.swift in Sources */,
				CEC2E2D1232BFFA000CF1028 /* StoryboardSegues.swift in Sources */,
				CE7188C6232B640800C34398 /* TimelineViewController.swift in Sources */,
				CEA0A4FE232E5F27009F1976 /* TwitterStatus.swift in Sources */,
				CE934CD423314A9C005F8869 /* VisibleLimitedTableView.swift in Sources */,
				CEF78A9D232D5A36006C6343 /* TwitterAuthRequestToken.swift in Sources */,
				CEA0A500232E5F8A009F1976 /* TwitterUser.swift in Sources */,
				CE934CD62331DFC5005F8869 /* TweetCellView.swift in Sources */,
				CE381291232D4502005D0218 /* String+parseQueryParameters.swift in Sources */,
				CE5F00C1232CDDFC002840A4 /* UserAgent.swift in Sources */,
				CE5F0093232C9E8F002840A4 /* TwitterAuthApp.swift in Sources */,
				CEC2E2D3232C065F00CF1028 /* LoginWithTwitterViewController.swift in Sources */,
				CE5F0096232CA4CC002840A4 /* CharacterSet+rfc3986.swift in Sources */,
				CE934CD82331F254005F8869 /* TextLabel.swift in Sources */,
				CEF78A9B232D5840006C6343 /* OAuthSigner.swift in Sources */,
				CE5F00BE232CDAFB002840A4 /* String+hmacSHA1.swift in Sources */,
				CEC2E2D0232BFFA000CF1028 /* StoryboardScenes.swift in Sources */,
				CEF78A9F232DE1B3006C6343 /* TwitterAuthAccessToken.swift in Sources */,
			);
			runOnlyForDeploymentPostprocessing = 0;
		};
		CE5395C22324A54500198A0D /* Sources */ = {
			isa = PBXSourcesBuildPhase;
			buildActionMask = 2147483647;
			files = (
				CE5395CB2324A54500198A0D /* TwiLiveTests.swift in Sources */,
			);
			runOnlyForDeploymentPostprocessing = 0;
		};
		CE5395CD2324A54500198A0D /* Sources */ = {
			isa = PBXSourcesBuildPhase;
			buildActionMask = 2147483647;
			files = (
				CE5395D62324A54500198A0D /* TwiLiveUITests.swift in Sources */,
			);
			runOnlyForDeploymentPostprocessing = 0;
		};
/* End PBXSourcesBuildPhase section */

/* Begin PBXTargetDependency section */
		CE5395C82324A54500198A0D /* PBXTargetDependency */ = {
			isa = PBXTargetDependency;
			target = CE5395B32324A54300198A0D /* TwiLive */;
			targetProxy = CE5395C72324A54500198A0D /* PBXContainerItemProxy */;
		};
		CE5395D32324A54500198A0D /* PBXTargetDependency */ = {
			isa = PBXTargetDependency;
			target = CE5395B32324A54300198A0D /* TwiLive */;
			targetProxy = CE5395D22324A54500198A0D /* PBXContainerItemProxy */;
		};
/* End PBXTargetDependency section */

/* Begin PBXVariantGroup section */
		CE5395BD2324A54500198A0D /* Main.storyboard */ = {
			isa = PBXVariantGroup;
			children = (
				CE5395BE2324A54500198A0D /* Base */,
			);
			name = Main.storyboard;
			sourceTree = "<group>";
		};
/* End PBXVariantGroup section */

/* Begin XCBuildConfiguration section */
		CE5395D82324A54500198A0D /* Debug */ = {
			isa = XCBuildConfiguration;
			buildSettings = {
				ALWAYS_SEARCH_USER_PATHS = NO;
				CLANG_ANALYZER_NONNULL = YES;
				CLANG_ANALYZER_NUMBER_OBJECT_CONVERSION = YES_AGGRESSIVE;
				CLANG_CXX_LANGUAGE_STANDARD = "gnu++14";
				CLANG_CXX_LIBRARY = "libc++";
				CLANG_ENABLE_MODULES = YES;
				CLANG_ENABLE_OBJC_ARC = YES;
				CLANG_ENABLE_OBJC_WEAK = YES;
				CLANG_WARN_BLOCK_CAPTURE_AUTORELEASING = YES;
				CLANG_WARN_BOOL_CONVERSION = YES;
				CLANG_WARN_COMMA = YES;
				CLANG_WARN_CONSTANT_CONVERSION = YES;
				CLANG_WARN_DEPRECATED_OBJC_IMPLEMENTATIONS = YES;
				CLANG_WARN_DIRECT_OBJC_ISA_USAGE = YES_ERROR;
				CLANG_WARN_DOCUMENTATION_COMMENTS = YES;
				CLANG_WARN_EMPTY_BODY = YES;
				CLANG_WARN_ENUM_CONVERSION = YES;
				CLANG_WARN_INFINITE_RECURSION = YES;
				CLANG_WARN_INT_CONVERSION = YES;
				CLANG_WARN_NON_LITERAL_NULL_CONVERSION = YES;
				CLANG_WARN_OBJC_IMPLICIT_RETAIN_SELF = YES;
				CLANG_WARN_OBJC_LITERAL_CONVERSION = YES;
				CLANG_WARN_OBJC_ROOT_CLASS = YES_ERROR;
				CLANG_WARN_RANGE_LOOP_ANALYSIS = YES;
				CLANG_WARN_STRICT_PROTOTYPES = YES;
				CLANG_WARN_SUSPICIOUS_MOVE = YES;
				CLANG_WARN_UNGUARDED_AVAILABILITY = YES_AGGRESSIVE;
				CLANG_WARN_UNREACHABLE_CODE = YES;
				CLANG_WARN__DUPLICATE_METHOD_MATCH = YES;
				COPY_PHASE_STRIP = NO;
				DEBUG_INFORMATION_FORMAT = dwarf;
				ENABLE_STRICT_OBJC_MSGSEND = YES;
				ENABLE_TESTABILITY = YES;
				GCC_C_LANGUAGE_STANDARD = gnu11;
				GCC_DYNAMIC_NO_PIC = NO;
				GCC_NO_COMMON_BLOCKS = YES;
				GCC_OPTIMIZATION_LEVEL = 0;
				GCC_PREPROCESSOR_DEFINITIONS = (
					"DEBUG=1",
					"$(inherited)",
				);
				GCC_WARN_64_TO_32_BIT_CONVERSION = YES;
				GCC_WARN_ABOUT_RETURN_TYPE = YES_ERROR;
				GCC_WARN_UNDECLARED_SELECTOR = YES;
				GCC_WARN_UNINITIALIZED_AUTOS = YES_AGGRESSIVE;
				GCC_WARN_UNUSED_FUNCTION = YES;
				GCC_WARN_UNUSED_VARIABLE = YES;
				MACOSX_DEPLOYMENT_TARGET = 10.15;
				MTL_ENABLE_DEBUG_INFO = INCLUDE_SOURCE;
				MTL_FAST_MATH = YES;
				ONLY_ACTIVE_ARCH = YES;
				SDKROOT = macosx;
				SWIFT_ACTIVE_COMPILATION_CONDITIONS = DEBUG;
				SWIFT_OPTIMIZATION_LEVEL = "-Onone";
			};
			name = Debug;
		};
		CE5395D92324A54500198A0D /* Release */ = {
			isa = XCBuildConfiguration;
			buildSettings = {
				ALWAYS_SEARCH_USER_PATHS = NO;
				CLANG_ANALYZER_NONNULL = YES;
				CLANG_ANALYZER_NUMBER_OBJECT_CONVERSION = YES_AGGRESSIVE;
				CLANG_CXX_LANGUAGE_STANDARD = "gnu++14";
				CLANG_CXX_LIBRARY = "libc++";
				CLANG_ENABLE_MODULES = YES;
				CLANG_ENABLE_OBJC_ARC = YES;
				CLANG_ENABLE_OBJC_WEAK = YES;
				CLANG_WARN_BLOCK_CAPTURE_AUTORELEASING = YES;
				CLANG_WARN_BOOL_CONVERSION = YES;
				CLANG_WARN_COMMA = YES;
				CLANG_WARN_CONSTANT_CONVERSION = YES;
				CLANG_WARN_DEPRECATED_OBJC_IMPLEMENTATIONS = YES;
				CLANG_WARN_DIRECT_OBJC_ISA_USAGE = YES_ERROR;
				CLANG_WARN_DOCUMENTATION_COMMENTS = YES;
				CLANG_WARN_EMPTY_BODY = YES;
				CLANG_WARN_ENUM_CONVERSION = YES;
				CLANG_WARN_INFINITE_RECURSION = YES;
				CLANG_WARN_INT_CONVERSION = YES;
				CLANG_WARN_NON_LITERAL_NULL_CONVERSION = YES;
				CLANG_WARN_OBJC_IMPLICIT_RETAIN_SELF = YES;
				CLANG_WARN_OBJC_LITERAL_CONVERSION = YES;
				CLANG_WARN_OBJC_ROOT_CLASS = YES_ERROR;
				CLANG_WARN_RANGE_LOOP_ANALYSIS = YES;
				CLANG_WARN_STRICT_PROTOTYPES = YES;
				CLANG_WARN_SUSPICIOUS_MOVE = YES;
				CLANG_WARN_UNGUARDED_AVAILABILITY = YES_AGGRESSIVE;
				CLANG_WARN_UNREACHABLE_CODE = YES;
				CLANG_WARN__DUPLICATE_METHOD_MATCH = YES;
				COPY_PHASE_STRIP = NO;
				DEBUG_INFORMATION_FORMAT = "dwarf-with-dsym";
				ENABLE_NS_ASSERTIONS = NO;
				ENABLE_STRICT_OBJC_MSGSEND = YES;
				GCC_C_LANGUAGE_STANDARD = gnu11;
				GCC_NO_COMMON_BLOCKS = YES;
				GCC_WARN_64_TO_32_BIT_CONVERSION = YES;
				GCC_WARN_ABOUT_RETURN_TYPE = YES_ERROR;
				GCC_WARN_UNDECLARED_SELECTOR = YES;
				GCC_WARN_UNINITIALIZED_AUTOS = YES_AGGRESSIVE;
				GCC_WARN_UNUSED_FUNCTION = YES;
				GCC_WARN_UNUSED_VARIABLE = YES;
				MACOSX_DEPLOYMENT_TARGET = 10.15;
				MTL_ENABLE_DEBUG_INFO = NO;
				MTL_FAST_MATH = YES;
				SDKROOT = macosx;
				SWIFT_COMPILATION_MODE = wholemodule;
				SWIFT_OPTIMIZATION_LEVEL = "-O";
			};
			name = Release;
		};
		CE5395DB2324A54500198A0D /* Debug */ = {
			isa = XCBuildConfiguration;
			baseConfigurationReference = BD22A9CC2E5011BE8477E09D /* Pods-TwiLive.debug.xcconfig */;
			buildSettings = {
				ALWAYS_EMBED_SWIFT_STANDARD_LIBRARIES = YES;
				ASSETCATALOG_COMPILER_APPICON_NAME = AppIcon;
				CODE_SIGN_ENTITLEMENTS = TwiLive/TwiLive.entitlements;
				CODE_SIGN_STYLE = Automatic;
				COMBINE_HIDPI_IMAGES = YES;
				DEVELOPMENT_TEAM = 4XKKKM86RN;
				ENABLE_HARDENED_RUNTIME = YES;
				INFOPLIST_FILE = TwiLive/Info.plist;
				LD_RUNPATH_SEARCH_PATHS = (
					"$(inherited)",
					"@executable_path/../Frameworks",
				);
				PRODUCT_BUNDLE_IDENTIFIER = net.rinsuki.apps.mac.TwiLive;
				PRODUCT_NAME = "$(TARGET_NAME)";
				SWIFT_VERSION = 5.0;
			};
			name = Debug;
		};
		CE5395DC2324A54500198A0D /* Release */ = {
			isa = XCBuildConfiguration;
			baseConfigurationReference = 4B40F16559649E985C642666 /* Pods-TwiLive.release.xcconfig */;
			buildSettings = {
				ALWAYS_EMBED_SWIFT_STANDARD_LIBRARIES = YES;
				ASSETCATALOG_COMPILER_APPICON_NAME = AppIcon;
				CODE_SIGN_ENTITLEMENTS = TwiLive/TwiLive.entitlements;
				CODE_SIGN_STYLE = Automatic;
				COMBINE_HIDPI_IMAGES = YES;
				DEVELOPMENT_TEAM = 4XKKKM86RN;
				ENABLE_HARDENED_RUNTIME = YES;
				INFOPLIST_FILE = TwiLive/Info.plist;
				LD_RUNPATH_SEARCH_PATHS = (
					"$(inherited)",
					"@executable_path/../Frameworks",
				);
				PRODUCT_BUNDLE_IDENTIFIER = net.rinsuki.apps.mac.TwiLive;
				PRODUCT_NAME = "$(TARGET_NAME)";
				SWIFT_VERSION = 5.0;
			};
			name = Release;
		};
		CE5395DE2324A54500198A0D /* Debug */ = {
			isa = XCBuildConfiguration;
			baseConfigurationReference = 5BEF45094990E42E9281602C /* Pods-TwiLiveTests.debug.xcconfig */;
			buildSettings = {
				ALWAYS_EMBED_SWIFT_STANDARD_LIBRARIES = YES;
				BUNDLE_LOADER = "$(TEST_HOST)";
				CODE_SIGN_STYLE = Automatic;
				COMBINE_HIDPI_IMAGES = YES;
				DEVELOPMENT_TEAM = 4XKKKM86RN;
				INFOPLIST_FILE = TwiLiveTests/Info.plist;
				LD_RUNPATH_SEARCH_PATHS = (
					"$(inherited)",
					"@executable_path/../Frameworks",
					"@loader_path/../Frameworks",
				);
				MACOSX_DEPLOYMENT_TARGET = 10.15;
				PRODUCT_BUNDLE_IDENTIFIER = net.rinsuki.apps.mac.TwiLiveTests;
				PRODUCT_NAME = "$(TARGET_NAME)";
				SWIFT_VERSION = 5.0;
				TEST_HOST = "$(BUILT_PRODUCTS_DIR)/TwiLive.app/Contents/MacOS/TwiLive";
			};
			name = Debug;
		};
		CE5395DF2324A54500198A0D /* Release */ = {
			isa = XCBuildConfiguration;
			baseConfigurationReference = A411C0F61DDC63ED37869FF1 /* Pods-TwiLiveTests.release.xcconfig */;
			buildSettings = {
				ALWAYS_EMBED_SWIFT_STANDARD_LIBRARIES = YES;
				BUNDLE_LOADER = "$(TEST_HOST)";
				CODE_SIGN_STYLE = Automatic;
				COMBINE_HIDPI_IMAGES = YES;
				DEVELOPMENT_TEAM = 4XKKKM86RN;
				INFOPLIST_FILE = TwiLiveTests/Info.plist;
				LD_RUNPATH_SEARCH_PATHS = (
					"$(inherited)",
					"@executable_path/../Frameworks",
					"@loader_path/../Frameworks",
				);
				MACOSX_DEPLOYMENT_TARGET = 10.15;
				PRODUCT_BUNDLE_IDENTIFIER = net.rinsuki.apps.mac.TwiLiveTests;
				PRODUCT_NAME = "$(TARGET_NAME)";
				SWIFT_VERSION = 5.0;
				TEST_HOST = "$(BUILT_PRODUCTS_DIR)/TwiLive.app/Contents/MacOS/TwiLive";
			};
			name = Release;
		};
		CE5395E12324A54500198A0D /* Debug */ = {
			isa = XCBuildConfiguration;
			baseConfigurationReference = 7397C84524F922FCA01477C6 /* Pods-TwiLive-TwiLiveUITests.debug.xcconfig */;
			buildSettings = {
				ALWAYS_EMBED_SWIFT_STANDARD_LIBRARIES = YES;
				CODE_SIGN_STYLE = Automatic;
				COMBINE_HIDPI_IMAGES = YES;
				DEVELOPMENT_TEAM = 4XKKKM86RN;
				INFOPLIST_FILE = TwiLiveUITests/Info.plist;
				LD_RUNPATH_SEARCH_PATHS = (
					"$(inherited)",
					"@executable_path/../Frameworks",
					"@loader_path/../Frameworks",
				);
				PRODUCT_BUNDLE_IDENTIFIER = net.rinsuki.apps.mac.TwiLiveUITests;
				PRODUCT_NAME = "$(TARGET_NAME)";
				SWIFT_VERSION = 5.0;
				TEST_TARGET_NAME = TwiLive;
			};
			name = Debug;
		};
		CE5395E22324A54500198A0D /* Release */ = {
			isa = XCBuildConfiguration;
			baseConfigurationReference = D2AE144EEF47418CE6B42144 /* Pods-TwiLive-TwiLiveUITests.release.xcconfig */;
			buildSettings = {
				ALWAYS_EMBED_SWIFT_STANDARD_LIBRARIES = YES;
				CODE_SIGN_STYLE = Automatic;
				COMBINE_HIDPI_IMAGES = YES;
				DEVELOPMENT_TEAM = 4XKKKM86RN;
				INFOPLIST_FILE = TwiLiveUITests/Info.plist;
				LD_RUNPATH_SEARCH_PATHS = (
					"$(inherited)",
					"@executable_path/../Frameworks",
					"@loader_path/../Frameworks",
				);
				PRODUCT_BUNDLE_IDENTIFIER = net.rinsuki.apps.mac.TwiLiveUITests;
				PRODUCT_NAME = "$(TARGET_NAME)";
				SWIFT_VERSION = 5.0;
				TEST_TARGET_NAME = TwiLive;
			};
			name = Release;
		};
/* End XCBuildConfiguration section */

/* Begin XCConfigurationList section */
		CE5395AF2324A54300198A0D /* Build configuration list for PBXProject "TwiLive" */ = {
			isa = XCConfigurationList;
			buildConfigurations = (
				CE5395D82324A54500198A0D /* Debug */,
				CE5395D92324A54500198A0D /* Release */,
			);
			defaultConfigurationIsVisible = 0;
			defaultConfigurationName = Release;
		};
		CE5395DA2324A54500198A0D /* Build configuration list for PBXNativeTarget "TwiLive" */ = {
			isa = XCConfigurationList;
			buildConfigurations = (
				CE5395DB2324A54500198A0D /* Debug */,
				CE5395DC2324A54500198A0D /* Release */,
			);
			defaultConfigurationIsVisible = 0;
			defaultConfigurationName = Release;
		};
		CE5395DD2324A54500198A0D /* Build configuration list for PBXNativeTarget "TwiLiveTests" */ = {
			isa = XCConfigurationList;
			buildConfigurations = (
				CE5395DE2324A54500198A0D /* Debug */,
				CE5395DF2324A54500198A0D /* Release */,
			);
			defaultConfigurationIsVisible = 0;
			defaultConfigurationName = Release;
		};
		CE5395E02324A54500198A0D /* Build configuration list for PBXNativeTarget "TwiLiveUITests" */ = {
			isa = XCConfigurationList;
			buildConfigurations = (
				CE5395E12324A54500198A0D /* Debug */,
				CE5395E22324A54500198A0D /* Release */,
			);
			defaultConfigurationIsVisible = 0;
			defaultConfigurationName = Release;
		};
/* End XCConfigurationList section */
	};
	rootObject = CE5395AC2324A54300198A0D /* Project object */;
}
